// !$*UTF8*$!
{
	archiveVersion = 1;
	classes = {
	};
	objectVersion = 46;
	objects = {

/* Begin PBXBuildFile section */
		40AD14F81D474F1700851FF9 /* main.m in Sources */ = {isa = PBXBuildFile; fileRef = 40AD14F71D474F1700851FF9 /* main.m */; };
		40AD14FB1D474F1700851FF9 /* AppDelegate.m in Sources */ = {isa = PBXBuildFile; fileRef = 40AD14FA1D474F1700851FF9 /* AppDelegate.m */; };
		40AD14FE1D474F1700851FF9 /* ViewController.m in Sources */ = {isa = PBXBuildFile; fileRef = 40AD14FD1D474F1700851FF9 /* ViewController.m */; };
		40AD15011D474F1700851FF9 /* Main.storyboard in Resources */ = {isa = PBXBuildFile; fileRef = 40AD14FF1D474F1700851FF9 /* Main.storyboard */; };
		40AD15031D474F1700851FF9 /* Assets.xcassets in Resources */ = {isa = PBXBuildFile; fileRef = 40AD15021D474F1700851FF9 /* Assets.xcassets */; };
		40AD15061D474F1700851FF9 /* LaunchScreen.storyboard in Resources */ = {isa = PBXBuildFile; fileRef = 40AD15041D474F1700851FF9 /* LaunchScreen.storyboard */; };
		40AD15101D474F5600851FF9 /* GWAlertView.m in Sources */ = {isa = PBXBuildFile; fileRef = 40AD150F1D474F5600851FF9 /* GWAlertView.m */; };
		40AD15151D4750C200851FF9 /* UIButton+Extension.m in Sources */ = {isa = PBXBuildFile; fileRef = 40AD15121D4750C200851FF9 /* UIButton+Extension.m */; };
		40AD15161D4750C200851FF9 /* UILabel+Extension.m in Sources */ = {isa = PBXBuildFile; fileRef = 40AD15141D4750C200851FF9 /* UILabel+Extension.m */; };
/* End PBXBuildFile section */

/* Begin PBXFileReference section */
		40AD14F31D474F1700851FF9 /* GWAlertView.app */ = {isa = PBXFileReference; explicitFileType = wrapper.application; includeInIndex = 0; path = GWAlertView.app; sourceTree = BUILT_PRODUCTS_DIR; };
		40AD14F71D474F1700851FF9 /* main.m */ = {isa = PBXFileReference; lastKnownFileType = sourcecode.c.objc; path = main.m; sourceTree = "<group>"; };
		40AD14F91D474F1700851FF9 /* AppDelegate.h */ = {isa = PBXFileReference; lastKnownFileType = sourcecode.c.h; path = AppDelegate.h; sourceTree = "<group>"; };
		40AD14FA1D474F1700851FF9 /* AppDelegate.m */ = {isa = PBXFileReference; lastKnownFileType = sourcecode.c.objc; path = AppDelegate.m; sourceTree = "<group>"; };
		40AD14FC1D474F1700851FF9 /* ViewController.h */ = {isa = PBXFileReference; lastKnownFileType = sourcecode.c.h; path = ViewController.h; sourceTree = "<group>"; };
		40AD14FD1D474F1700851FF9 /* ViewController.m */ = {isa = PBXFileReference; lastKnownFileType = sourcecode.c.objc; path = ViewController.m; sourceTree = "<group>"; };
		40AD15001D474F1700851FF9 /* Base */ = {isa = PBXFileReference; lastKnownFileType = file.storyboard; name = Base; path = Base.lproj/Main.storyboard; sourceTree = "<group>"; };
		40AD15021D474F1700851FF9 /* Assets.xcassets */ = {isa = PBXFileReference; lastKnownFileType = folder.assetcatalog; path = Assets.xcassets; sourceTree = "<group>"; };
		40AD15051D474F1700851FF9 /* Base */ = {isa = PBXFileReference; lastKnownFileType = file.storyboard; name = Base; path = Base.lproj/LaunchScreen.storyboard; sourceTree = "<group>"; };
		40AD15071D474F1700851FF9 /* Info.plist */ = {isa = PBXFileReference; lastKnownFileType = text.plist.xml; path = Info.plist; sourceTree = "<group>"; };
		40AD150E1D474F5600851FF9 /* GWAlertView.h */ = {isa = PBXFileReference; fileEncoding = 4; lastKnownFileType = sourcecode.c.h; path = GWAlertView.h; sourceTree = "<group>"; };
		40AD150F1D474F5600851FF9 /* GWAlertView.m */ = {isa = PBXFileReference; fileEncoding = 4; lastKnownFileType = sourcecode.c.objc; path = GWAlertView.m; sourceTree = "<group>"; };
		40AD15111D4750C200851FF9 /* UIButton+Extension.h */ = {isa = PBXFileReference; fileEncoding = 4; lastKnownFileType = sourcecode.c.h; path = "UIButton+Extension.h"; sourceTree = "<group>"; };
		40AD15121D4750C200851FF9 /* UIButton+Extension.m */ = {isa = PBXFileReference; fileEncoding = 4; lastKnownFileType = sourcecode.c.objc; path = "UIButton+Extension.m"; sourceTree = "<group>"; };
		40AD15131D4750C200851FF9 /* UILabel+Extension.h */ = {isa = PBXFileReference; fileEncoding = 4; lastKnownFileType = sourcecode.c.h; path = "UILabel+Extension.h"; sourceTree = "<group>"; };
		40AD15141D4750C200851FF9 /* UILabel+Extension.m */ = {isa = PBXFileReference; fileEncoding = 4; lastKnownFileType = sourcecode.c.objc; path = "UILabel+Extension.m"; sourceTree = "<group>"; };
/* End PBXFileReference section */

/* Begin PBXFrameworksBuildPhase section */
		40AD14F01D474F1700851FF9 /* Frameworks */ = {
			isa = PBXFrameworksBuildPhase;
			buildActionMask = 2147483647;
			files = (
			);
			runOnlyForDeploymentPostprocessing = 0;
		};
/* End PBXFrameworksBuildPhase section */

/* Begin PBXGroup section */
		40AD14EA1D474F1700851FF9 = {
			isa = PBXGroup;
			children = (
				40AD14F51D474F1700851FF9 /* GWAlertView */,
				40AD14F41D474F1700851FF9 /* Products */,
			);
			sourceTree = "<group>";
		};
		40AD14F41D474F1700851FF9 /* Products */ = {
			isa = PBXGroup;
			children = (
				40AD14F31D474F1700851FF9 /* GWAlertView.app */,
			);
			name = Products;
			sourceTree = "<group>";
		};
		40AD14F51D474F1700851FF9 /* GWAlertView */ = {
			isa = PBXGroup;
			children = (
				40AD150D1D474F5600851FF9 /* GWAlertView */,
				40AD14F91D474F1700851FF9 /* AppDelegate.h */,
				40AD14FA1D474F1700851FF9 /* AppDelegate.m */,
				40AD14FC1D474F1700851FF9 /* ViewController.h */,
				40AD14FD1D474F1700851FF9 /* ViewController.m */,
				40AD14FF1D474F1700851FF9 /* Main.storyboard */,
				40AD15021D474F1700851FF9 /* Assets.xcassets */,
				40AD15041D474F1700851FF9 /* LaunchScreen.storyboard */,
				40AD15071D474F1700851FF9 /* Info.plist */,
				40AD14F61D474F1700851FF9 /* Supporting Files */,
			);
			path = GWAlertView;
			sourceTree = "<group>";
		};
		40AD14F61D474F1700851FF9 /* Supporting Files */ = {
			isa = PBXGroup;
			children = (
				40AD14F71D474F1700851FF9 /* main.m */,
			);
			name = "Supporting Files";
			sourceTree = "<group>";
		};
		40AD150D1D474F5600851FF9 /* GWAlertView */ = {
			isa = PBXGroup;
			children = (
				40AD15111D4750C200851FF9 /* UIButton+Extension.h */,
				40AD15121D4750C200851FF9 /* UIButton+Extension.m */,
				40AD15131D4750C200851FF9 /* UILabel+Extension.h */,
				40AD15141D4750C200851FF9 /* UILabel+Extension.m */,
				40AD150E1D474F5600851FF9 /* GWAlertView.h */,
				40AD150F1D474F5600851FF9 /* GWAlertView.m */,
			);
			path = GWAlertView;
			sourceTree = "<group>";
		};
/* End PBXGroup section */

/* Begin PBXNativeTarget section */
		40AD14F21D474F1700851FF9 /* GWAlertView */ = {
			isa = PBXNativeTarget;
			buildConfigurationList = 40AD150A1D474F1700851FF9 /* Build configuration list for PBXNativeTarget "GWAlertView" */;
			buildPhases = (
				40AD14EF1D474F1700851FF9 /* Sources */,
				40AD14F01D474F1700851FF9 /* Frameworks */,
				40AD14F11D474F1700851FF9 /* Resources */,
			);
			buildRules = (
			);
			dependencies = (
			);
			name = GWAlertView;
			productName = GWAlertView;
			productReference = 40AD14F31D474F1700851FF9 /* GWAlertView.app */;
			productType = "com.apple.product-type.application";
		};
/* End PBXNativeTarget section */

/* Begin PBXProject section */
		40AD14EB1D474F1700851FF9 /* Project object */ = {
			isa = PBXProject;
			attributes = {
				LastUpgradeCheck = 0730;
				ORGANIZATIONNAME = "魏郭文";
				TargetAttributes = {
					40AD14F21D474F1700851FF9 = {
						CreatedOnToolsVersion = 7.3.1;
					};
				};
			};
			buildConfigurationList = 40AD14EE1D474F1700851FF9 /* Build configuration list for PBXProject "GWAlertView" */;
			compatibilityVersion = "Xcode 3.2";
			developmentRegion = English;
			hasScannedForEncodings = 0;
			knownRegions = (
				en,
				Base,
			);
			mainGroup = 40AD14EA1D474F1700851FF9;
			productRefGroup = 40AD14F41D474F1700851FF9 /* Products */;
			projectDirPath = "";
			projectRoot = "";
			targets = (
				40AD14F21D474F1700851FF9 /* GWAlertView */,
			);
		};
/* End PBXProject section */

/* Begin PBXResourcesBuildPhase section */
		40AD14F11D474F1700851FF9 /* Resources */ = {
			isa = PBXResourcesBuildPhase;
			buildActionMask = 2147483647;
			files = (
				40AD15061D474F1700851FF9 /* LaunchScreen.storyboard in Resources */,
				40AD15031D474F1700851FF9 /* Assets.xcassets in Resources */,
				40AD15011D474F1700851FF9 /* Main.storyboard in Resources */,
			);
			runOnlyForDeploymentPostprocessing = 0;
		};
/* End PBXResourcesBuildPhase section */

/* Begin PBXSourcesBuildPhase section */
		40AD14EF1D474F1700851FF9 /* Sources */ = {
			isa = PBXSourcesBuildPhase;
			buildActionMask = 2147483647;
			files = (
				40AD15161D4750C200851FF9 /* UILabel+Extension.m in Sources */,
				40AD15151D4750C200851FF9 /* UIButton+Extension.m in Sources */,
				40AD14FE1D474F1700851FF9 /* ViewController.m in Sources */,
				40AD15101D474F5600851FF9 /* GWAlertView.m in Sources */,
				40AD14FB1D474F1700851FF9 /* AppDelegate.m in Sources */,
				40AD14F81D474F1700851FF9 /* main.m in Sources */,
			);
			runOnlyForDeploymentPostprocessing = 0;
		};
/* End PBXSourcesBuildPhase section */

/* Begin PBXVariantGroup section */
		40AD14FF1D474F1700851FF9 /* Main.storyboard */ = {
			isa = PBXVariantGroup;
			children = (
				40AD15001D474F1700851FF9 /* Base */,
			);
			name = Main.storyboard;
			sourceTree = "<group>";
		};
		40AD15041D474F1700851FF9 /* LaunchScreen.storyboard */ = {
			isa = PBXVariantGroup;
			children = (
				40AD15051D474F1700851FF9 /* Base */,
			);
			name = LaunchScreen.storyboard;
			sourceTree = "<group>";
		};
/* End PBXVariantGroup section */

/* Begin XCBuildConfiguration section */
		40AD15081D474F1700851FF9 /* Debug */ = {
			isa = XCBuildConfiguration;
			buildSettings = {
				ALWAYS_SEARCH_USER_PATHS = NO;
				CLANG_ANALYZER_NONNULL = YES;
				CLANG_CXX_LANGUAGE_STANDARD = "gnu++0x";
				CLANG_CXX_LIBRARY = "libc++";
				CLANG_ENABLE_MODULES = YES;
				CLANG_ENABLE_OBJC_ARC = YES;
				CLANG_WARN_BOOL_CONVERSION = YES;
				CLANG_WARN_CONSTANT_CONVERSION = YES;
				CLANG_WARN_DIRECT_OBJC_ISA_USAGE = YES_ERROR;
				CLANG_WARN_EMPTY_BODY = YES;
				CLANG_WARN_ENUM_CONVERSION = YES;
				CLANG_WARN_INT_CONVERSION = YES;
				CLANG_WARN_OBJC_ROOT_CLASS = YES_ERROR;
				CLANG_WARN_UNREACHABLE_CODE = YES;
				CLANG_WARN__DUPLICATE_METHOD_MATCH = YES;
				"CODE_SIGN_IDENTITY[sdk=iphoneos*]" = "iPhone Developer";
				COPY_PHASE_STRIP = NO;
				DEBUG_INFORMATION_FORMAT = dwarf;
				ENABLE_STRICT_OBJC_MSGSEND = YES;
				ENABLE_TESTABILITY = YES;
				GCC_C_LANGUAGE_STANDARD = gnu99;
				GCC_DYNAMIC_NO_PIC = NO;
				GCC_NO_COMMON_BLOCKS = YES;
				GCC_OPTIMIZATION_LEVEL = 0;
				GCC_PREPROCESSOR_DEFINITIONS = (
					"DEBUG=1",
					"$(inherited)",
				);
				GCC_WARN_64_TO_32_BIT_CONVERSION = YES;
				GCC_WARN_ABOUT_RETURN_TYPE = YES_ERROR;
				GCC_WARN_UNDECLARED_SELECTOR = YES;
				GCC_WARN_UNINITIALIZED_AUTOS = YES_AGGRESSIVE;
				GCC_WARN_UNUSED_FUNCTION = YES;
				GCC_WARN_UNUSED_VARIABLE = YES;
				IPHONEOS_DEPLOYMENT_TARGET = 9.3;
				MTL_ENABLE_DEBUG_INFO = YES;
				ONLY_ACTIVE_ARCH = YES;
				SDKROOT = iphoneos;
			};
			name = Debug;
		};
		40AD15091D474F1700851FF9 /* Release */ = {
			isa = XCBuildConfiguration;
			buildSettings = {
				ALWAYS_SEARCH_USER_PATHS = NO;
				CLANG_ANALYZER_NONNULL = YES;
				CLANG_CXX_LANGUAGE_STANDARD = "gnu++0x";
				CLANG_CXX_LIBRARY = "libc++";
				CLANG_ENABLE_MODULES = YES;
				CLANG_ENABLE_OBJC_ARC = YES;
				CLANG_WARN_BOOL_CONVERSION = YES;
				CLANG_WARN_CONSTANT_CONVERSION = YES;
				CLANG_WARN_DIRECT_OBJC_ISA_USAGE = YES_ERROR;
				CLANG_WARN_EMPTY_BODY = YES;
				CLANG_WARN_ENUM_CONVERSION = YES;
				CLANG_WARN_INT_CONVERSION = YES;
				CLANG_WARN_OBJC_ROOT_CLASS = YES_ERROR;
				CLANG_WARN_UNREACHABLE_CODE = YES;
				CLANG_WARN__DUPLICATE_METHOD_MATCH = YES;
				"CODE_SIGN_IDENTITY[sdk=iphoneos*]" = "iPhone Developer";
				COPY_PHASE_STRIP = NO;
				DEBUG_INFORMATION_FORMAT = "dwarf-with-dsym";
				ENABLE_NS_ASSERTIONS = NO;
				ENABLE_STRICT_OBJC_MSGSEND = YES;
				GCC_C_LANGUAGE_STANDARD = gnu99;
				GCC_NO_COMMON_BLOCKS = YES;
				GCC_WARN_64_TO_32_BIT_CONVERSION = YES;
				GCC_WARN_ABOUT_RETURN_TYPE = YES_ERROR;
				GCC_WARN_UNDECLARED_SELECTOR = YES;
				GCC_WARN_UNINITIALIZED_AUTOS = YES_AGGRESSIVE;
				GCC_WARN_UNUSED_FUNCTION = YES;
				GCC_WARN_UNUSED_VARIABLE = YES;
				IPHONEOS_DEPLOYMENT_TARGET = 9.3;
				MTL_ENABLE_DEBUG_INFO = NO;
				SDKROOT = iphoneos;
				VALIDATE_PRODUCT = YES;
			};
			name = Release;
		};
		40AD150B1D474F1700851FF9 /* Debug */ = {
			isa = XCBuildConfiguration;
			buildSettings = {
				ASSETCATALOG_COMPILER_APPICON_NAME = AppIcon;
				INFOPLIST_FILE = GWAlertView/Info.plist;
				LD_RUNPATH_SEARCH_PATHS = "$(inherited) @executable_path/Frameworks";
				PRODUCT_BUNDLE_IDENTIFIER = gw.GWAlertView;
				PRODUCT_NAME = "$(TARGET_NAME)";
			};
			name = Debug;
		};
		40AD150C1D474F1700851FF9 /* Release */ = {
			isa = XCBuildConfiguration;
			buildSettings = {
				ASSETCATALOG_COMPILER_APPICON_NAME = AppIcon;
				INFOPLIST_FILE = GWAlertView/Info.plist;
				LD_RUNPATH_SEARCH_PATHS = "$(inherited) @executable_path/Frameworks";
				PRODUCT_BUNDLE_IDENTIFIER = gw.GWAlertView;
				PRODUCT_NAME = "$(TARGET_NAME)";
			};
			name = Release;
		};
/* End XCBuildConfiguration section */

/* Begin XCConfigurationList section */
		40AD14EE1D474F1700851FF9 /* Build configuration list for PBXProject "GWAlertView" */ = {
			isa = XCConfigurationList;
			buildConfigurations = (
				40AD15081D474F1700851FF9 /* Debug */,
				40AD15091D474F1700851FF9 /* Release */,
			);
			defaultConfigurationIsVisible = 0;
			defaultConfigurationName = Release;
		};
		40AD150A1D474F1700851FF9 /* Build configuration list for PBXNativeTarget "GWAlertView" */ = {
			isa = XCConfigurationList;
			buildConfigurations = (
				40AD150B1D474F1700851FF9 /* Debug */,
				40AD150C1D474F1700851FF9 /* Release */,
			);
			defaultConfigurationIsVisible = 0;
			defaultConfigurationName = Release;
		};
/* End XCConfigurationList section */
	};
	rootObject = 40AD14EB1D474F1700851FF9 /* Project object */;
}
